
Microsoft Visual Studio Solution File, Format Version 12.00
# Visual Studio 14
VisualStudioVersion = 14.0.25420.1
MinimumVisualStudioVersion = 10.0.40219.1
Project("{8BC9CEB8-8B4A-11D0-8D11-00A0C91BC942}") = "5NumbersAscending", "5NumbersAscending\5NumbersAscending.vcxproj", "{E7D6B2F9-C54D-4EC1-884B-9638AA162708}"
EndProject
Project("{8BC9CEB8-8B4A-11D0-8D11-00A0C91BC942}") = "problem6", "problem6\problem6.vcxproj", "{7303CBD9-95CE-4231-92CC-19B26A972AB8}"
EndProject
Project("{8BC9CEB8-8B4A-11D0-8D11-00A0C91BC942}") = "problem 7", "problem 7\problem 7.vcxproj", "{54B4BC1F-F894-45D8-B79A-2138E2B1CF41}"
EndProject
Global
	GlobalSection(SolutionConfigurationPlatforms) = preSolution
		Debug|x64 = Debug|x64
		Debug|x86 = Debug|x86
		Release|x64 = Release|x64
		Release|x86 = Release|x86
	EndGlobalSection
	GlobalSection(ProjectConfigurationPlatforms) = postSolution
		{E7D6B2F9-C54D-4EC1-884B-9638AA162708}.Debug|x64.ActiveCfg = Debug|x64
		{E7D6B2F9-C54D-4EC1-884B-9638AA162708}.Debug|x64.Build.0 = Debug|x64
		{E7D6B2F9-C54D-4EC1-884B-9638AA162708}.Debug|x86.ActiveCfg = Debug|Win32
		{E7D6B2F9-C54D-4EC1-884B-9638AA162708}.Debug|x86.Build.0 = Debug|Win32
		{E7D6B2F9-C54D-4EC1-884B-9638AA162708}.Release|x64.ActiveCfg = Release|x64
		{E7D6B2F9-C54D-4EC1-884B-9638AA162708}.Release|x64.Build.0 = Release|x64
		{E7D6B2F9-C54D-4EC1-884B-9638AA162708}.Release|x86.ActiveCfg = Release|Win32
		{E7D6B2F9-C54D-4EC1-884B-9638AA162708}.Release|x86.Build.0 = Release|Win32
		{7303CBD9-95CE-4231-92CC-19B26A972AB8}.Debug|x64.ActiveCfg = Debug|x64
		{7303CBD9-95CE-4231-92CC-19B26A972AB8}.Debug|x64.Build.0 = Debug|x64
		{7303CBD9-95CE-4231-92CC-19B26A972AB8}.Debug|x86.ActiveCfg = Debug|Win32
		{7303CBD9-95CE-4231-92CC-19B26A972AB8}.Debug|x86.Build.0 = Debug|Win32
		{7303CBD9-95CE-4231-92CC-19B26A972AB8}.Release|x64.ActiveCfg = Release|x64
		{7303CBD9-95CE-4231-92CC-19B26A972AB8}.Release|x64.Build.0 = Release|x64
		{7303CBD9-95CE-4231-92CC-19B26A972AB8}.Release|x86.ActiveCfg = Release|Win32
		{7303CBD9-95CE-4231-92CC-19B26A972AB8}.Release|x86.Build.0 = Release|Win32
		{54B4BC1F-F894-45D8-B79A-2138E2B1CF41}.Debug|x64.ActiveCfg = Debug|x64
		{54B4BC1F-F894-45D8-B79A-2138E2B1CF41}.Debug|x64.Build.0 = Debug|x64
		{54B4BC1F-F894-45D8-B79A-2138E2B1CF41}.Debug|x86.ActiveCfg = Debug|Win32
		{54B4BC1F-F894-45D8-B79A-2138E2B1CF41}.Debug|x86.Build.0 = Debug|Win32
		{54B4BC1F-F894-45D8-B79A-2138E2B1CF41}.Release|x64.ActiveCfg = Release|x64
		{54B4BC1F-F894-45D8-B79A-2138E2B1CF41}.Release|x64.Build.0 = Release|x64
		{54B4BC1F-F894-45D8-B79A-2138E2B1CF41}.Release|x86.ActiveCfg = Release|Win32
		{54B4BC1F-F894-45D8-B79A-2138E2B1CF41}.Release|x86.Build.0 = Release|Win32
	EndGlobalSection
	GlobalSection(SolutionProperties) = preSolution
		HideSolutionNode = FALSE
	EndGlobalSection
EndGlobal
